
Microsoft Visual Studio Solution File, Format Version 12.00
# Visual Studio Version 16
VisualStudioVersion = 16.0.31624.102
MinimumVisualStudioVersion = 10.0.40219.1
Project("{FAE04EC0-301F-11D3-BF4B-00C04F79EFBC}") = "DZ^6", "DZ^6\DZ^6.csproj", "{787CEAF3-166D-4BF6-AE63-D57C03F59B57}"
EndProject
Global
	GlobalSection(SolutionConfigurationPlatforms) = preSolution
		Debug|Any CPU = Debug|Any CPU
		Release|Any CPU = Release|Any CPU
	EndGlobalSection
	GlobalSection(ProjectConfigurationPlatforms) = postSolution
		{787CEAF3-166D-4BF6-AE63-D57C03F59B57}.Debug|Any CPU.ActiveCfg = Debug|Any CPU
		{787CEAF3-166D-4BF6-AE63-D57C03F59B57}.Debug|Any CPU.Build.0 = Debug|Any CPU
		{787CEAF3-166D-4BF6-AE63-D57C03F59B57}.Release|Any CPU.ActiveCfg = Release|Any CPU
		{787CEAF3-166D-4BF6-AE63-D57C03F59B57}.Release|Any CPU.Build.0 = Release|Any CPU
	EndGlobalSection
	GlobalSection(SolutionProperties) = preSolution
		HideSolutionNode = FALSE
	EndGlobalSection
	GlobalSection(ExtensibilityGlobals) = postSolution
		SolutionGuid = {57B20985-9E04-4118-AC34-B8BE25ECA417}
	EndGlobalSection
EndGlobal
